PODS:
  - AFNetworking (3.2.1):
    - AFNetworking/NSURLSession (= 3.2.1)
    - AFNetworking/Reachability (= 3.2.1)
    - AFNetworking/Security (= 3.2.1)
    - AFNetworking/Serialization (= 3.2.1)
    - AFNetworking/UIKit (= 3.2.1)
  - AFNetworking/NSURLSession (3.2.1):
    - AFNetworking/Reachability
    - AFNetworking/Security
    - AFNetworking/Serialization
  - AFNetworking/Reachability (3.2.1)
  - AFNetworking/Security (3.2.1)
  - AFNetworking/Serialization (3.2.1)
  - AFNetworking/UIKit (3.2.1):
    - AFNetworking/NSURLSession
  - Aspects (1.4.1)
  - AXIndicatorView (0.1.1)
  - AXNavigationBackItemInjection (0.0.2)
  - AXPracticalHUD (2.1.4):
    - AXIndicatorView
  - AXWebViewController (0.7.2):
    - Aspects
    - AXNavigationBackItemInjection
    - AXPracticalHUD
    - NJKWebViewProgress
  - CYLTabBarController (1.19.3)
  - FLAnimatedImage (1.0.12)
  - FMDB (2.7.5):
    - FMDB/standard (= 2.7.5)
  - FMDB/standard (2.7.5)
  - IQKeyboardManager (6.2.0)
  - KLCPopup (1.0)
  - Masonry (1.1.0)
  - MJExtension (3.0.15.1)
  - MJRefresh (3.1.15.7)
  - MLEmojiLabel (1.0.2):
    - TTTAttributedLabel (~> 1.13.4)
  - NJKWebViewProgress (0.2.3):
    - NJKWebViewProgress/Core (= 0.2.3)
    - NJKWebViewProgress/ProgressView (= 0.2.3)
  - NJKWebViewProgress/Core (0.2.3)
  - NJKWebViewProgress/ProgressView (0.2.3)
  - ReactiveObjC (3.1.0)
  - Reveal-SDK (4)
  - SDWebImage (4.4.6):
    - SDWebImage/Core (= 4.4.6)
  - SDWebImage/Core (4.4.6)
  - SDWebImage/GIF (4.4.6):
    - FLAnimatedImage (~> 1.0)
    - SDWebImage/Core
  - SGPagingView (1.6.0)
  - SVProgressHUD (2.2.5)
  - Toast (4.0.0)
  - TTTAttributedLabel (1.13.4)
  - TYCyclePagerView (1.1.2)
  - UMCCommon (2.0.0)
  - UMCShare/Core (6.9.5):
    - UMCCommon
  - UMCShare/Social/ReducedWeChat (6.9.5):
    - UMCCommon
    - UMCShare/Core
  - UMengAnalytics-NO-IDFA (4.2.5)
  - YYCache (1.0.4)

DEPENDENCIES:
  - AFNetworking
  - AXWebViewController
  - CYLTabBarController
  - FMDB
  - IQKeyboardManager
  - KLCPopup
  - Masonry
  - MJExtension
  - MJRefresh
  - MLEmojiLabel
  - ReactiveObjC
  - Reveal-SDK (~> 4)
  - SDWebImage
  - SDWebImage/GIF
  - SGPagingView
  - SVProgressHUD
  - Toast
  - TYCyclePagerView
  - UMCShare/Social/ReducedWeChat
  - UMengAnalytics-NO-IDFA
  - YYCache

SPEC REPOS:
  https://github.com/cocoapods/specs.git:
    - AFNetworking
    - Aspects
    - AXIndicatorView
    - AXNavigationBackItemInjection
    - AXPracticalHUD
    - AXWebViewController
    - CYLTabBarController
    - FLAnimatedImage
    - FMDB
    - IQKeyboardManager
    - KLCPopup
    - Masonry
    - MJExtension
    - MJRefresh
    - MLEmojiLabel
    - NJKWebViewProgress
    - ReactiveObjC
    - Reveal-SDK
    - SDWebImage
    - SGPagingView
    - SVProgressHUD
    - Toast
    - TTTAttributedLabel
    - TYCyclePagerView
    - UMCCommon
    - UMCShare
    - UMengAnalytics-NO-IDFA
    - YYCache

SPEC CHECKSUMS:
  AFNetworking: b6f891fdfaed196b46c7a83cf209e09697b94057
  Aspects: 7595ba96a6727a58ebcbfc954497fc5d2fdde546
  AXIndicatorView: 566b490a2dd9781d4ffbcc9752be9b9cdc6e728e
  AXNavigationBackItemInjection: efe0446967f3cbcc85a9118decd1e145138912dd
  AXPracticalHUD: 821d170b31e050c426ef8754b07b4264a8b1d861
  AXWebViewController: 96566c473fce2806f4da696132b31777f5404c9f
  CYLTabBarController: 88b8d428f30fd12cf12073174ad8a4b51cd66b94
  FLAnimatedImage: 4a0b56255d9b05f18b6dd7ee06871be5d3b89e31
  FMDB: 2ce00b547f966261cd18927a3ddb07cb6f3db82a
  IQKeyboardManager: 6194101620b73af5e67900b8f89707a99de0b804
  KLCPopup: 76c5a19227977f1e53d85236f9ef42257c168d98
  Masonry: 678fab65091a9290e40e2832a55e7ab731aad201
  MJExtension: 19bc33ce2eee2d319760f5622562cf581a6ff756
  MJRefresh: 697f8ec75ebdbe9207767bb682cf0f51b0d8a41f
  MLEmojiLabel: 36d73c19f9975cbf9def24e5bc135263b0337fd8
  NJKWebViewProgress: f481fd424cb5ecc27eacae11b5397db92fba9a4d
  ReactiveObjC: 2a38ea15335de4119d8b17caf1db1484f61db902
  Reveal-SDK: 178c927f1a3230648d3a92b96f6e730a35b2750a
  SDWebImage: 3f3f0c02f09798048c47a5ed0a13f17b063572d8
  SGPagingView: 4b4f443b365bc70979f890da63d93bc22103be32
  SVProgressHUD: 1428aafac632c1f86f62aa4243ec12008d7a51d6
  Toast: 91b396c56ee72a5790816f40d3a94dd357abc196
  TTTAttributedLabel: 0a2ac7b2dd726d32a070dafb01446026b11e624f
  TYCyclePagerView: 0f67b0986995fd614843e819bc974cadd7f98008
  UMCCommon: 79b5a614c958db367113eed5740109d9a98e1223
  UMCShare: 552b29753f1b4da87b51d96545ed19e6263df397
  UMengAnalytics-NO-IDFA: 16666e32edce5be44ae5b14aaaa7f3582e09d6ab
  YYCache: 8105b6638f5e849296c71f331ff83891a4942952

PODFILE CHECKSUM: 48765580a427546423b1c83340c93a325b74dee1

COCOAPODS: 1.5.3
